
Microsoft Visual Studio Solution File, Format Version 12.00
# Visual Studio 15
VisualStudioVersion = 15.0.26124.0
MinimumVisualStudioVersion = 15.0.26124.0
Project("{2150E333-8FDC-42A3-9474-1A3956D46DE8}") = "src", "src", "{CA3B582D-5F19-430B-BBE2-3E7FD69FAF74}"
EndProject
Project("{FAE04EC0-301F-11D3-BF4B-00C04F79EFBC}") = "Microservices", "src\Microservices\Microservices.csproj", "{6054C913-B5FA-4831-9499-898B175A5334}"
EndProject
Project("{2150E333-8FDC-42A3-9474-1A3956D46DE8}") = "test", "test", "{5A0F6472-3B5B-4F74-9D33-EF770611E10B}"
EndProject
Project("{FAE04EC0-301F-11D3-BF4B-00C04F79EFBC}") = "TestService", "test\TestService\TestService.csproj", "{4F0C1210-C682-4785-87DA-9C755E7430CA}"
EndProject
Global
	GlobalSection(SolutionConfigurationPlatforms) = preSolution
		Debug|Any CPU = Debug|Any CPU
		Debug|x64 = Debug|x64
		Debug|x86 = Debug|x86
		Release|Any CPU = Release|Any CPU
		Release|x64 = Release|x64
		Release|x86 = Release|x86
	EndGlobalSection
	GlobalSection(SolutionProperties) = preSolution
		HideSolutionNode = FALSE
	EndGlobalSection
	GlobalSection(ProjectConfigurationPlatforms) = postSolution
		{6054C913-B5FA-4831-9499-898B175A5334}.Debug|Any CPU.ActiveCfg = Debug|Any CPU
		{6054C913-B5FA-4831-9499-898B175A5334}.Debug|Any CPU.Build.0 = Debug|Any CPU
		{6054C913-B5FA-4831-9499-898B175A5334}.Debug|x64.ActiveCfg = Debug|x64
		{6054C913-B5FA-4831-9499-898B175A5334}.Debug|x64.Build.0 = Debug|x64
		{6054C913-B5FA-4831-9499-898B175A5334}.Debug|x86.ActiveCfg = Debug|x86
		{6054C913-B5FA-4831-9499-898B175A5334}.Debug|x86.Build.0 = Debug|x86
		{6054C913-B5FA-4831-9499-898B175A5334}.Release|Any CPU.ActiveCfg = Release|Any CPU
		{6054C913-B5FA-4831-9499-898B175A5334}.Release|Any CPU.Build.0 = Release|Any CPU
		{6054C913-B5FA-4831-9499-898B175A5334}.Release|x64.ActiveCfg = Release|x64
		{6054C913-B5FA-4831-9499-898B175A5334}.Release|x64.Build.0 = Release|x64
		{6054C913-B5FA-4831-9499-898B175A5334}.Release|x86.ActiveCfg = Release|x86
		{6054C913-B5FA-4831-9499-898B175A5334}.Release|x86.Build.0 = Release|x86
		{4F0C1210-C682-4785-87DA-9C755E7430CA}.Debug|Any CPU.ActiveCfg = Debug|Any CPU
		{4F0C1210-C682-4785-87DA-9C755E7430CA}.Debug|Any CPU.Build.0 = Debug|Any CPU
		{4F0C1210-C682-4785-87DA-9C755E7430CA}.Debug|x64.ActiveCfg = Debug|x64
		{4F0C1210-C682-4785-87DA-9C755E7430CA}.Debug|x64.Build.0 = Debug|x64
		{4F0C1210-C682-4785-87DA-9C755E7430CA}.Debug|x86.ActiveCfg = Debug|x86
		{4F0C1210-C682-4785-87DA-9C755E7430CA}.Debug|x86.Build.0 = Debug|x86
		{4F0C1210-C682-4785-87DA-9C755E7430CA}.Release|Any CPU.ActiveCfg = Release|Any CPU
		{4F0C1210-C682-4785-87DA-9C755E7430CA}.Release|Any CPU.Build.0 = Release|Any CPU
		{4F0C1210-C682-4785-87DA-9C755E7430CA}.Release|x64.ActiveCfg = Release|x64
		{4F0C1210-C682-4785-87DA-9C755E7430CA}.Release|x64.Build.0 = Release|x64
		{4F0C1210-C682-4785-87DA-9C755E7430CA}.Release|x86.ActiveCfg = Release|x86
		{4F0C1210-C682-4785-87DA-9C755E7430CA}.Release|x86.Build.0 = Release|x86
	EndGlobalSection
	GlobalSection(NestedProjects) = preSolution
		{6054C913-B5FA-4831-9499-898B175A5334} = {CA3B582D-5F19-430B-BBE2-3E7FD69FAF74}
		{4F0C1210-C682-4785-87DA-9C755E7430CA} = {5A0F6472-3B5B-4F74-9D33-EF770611E10B}
	EndGlobalSection
EndGlobal
